
Microsoft Visual Studio Solution File, Format Version 12.00
# Visual Studio Version 16
VisualStudioVersion = 16.0.29324.140
MinimumVisualStudioVersion = 10.0.40219.1
Project("{FAE04EC0-301F-11D3-BF4B-00C04F79EFBC}") = "MyElectricTeapot", "MyElectricTeapot.csproj", "{6F5BB8D7-686B-41AA-B068-799AD75B80DA}"
EndProject
Global
	GlobalSection(SolutionConfigurationPlatforms) = preSolution
		Debug|Any CPU = Debug|Any CPU
		Release|Any CPU = Release|Any CPU
	EndGlobalSection
	GlobalSection(ProjectConfigurationPlatforms) = postSolution
		{6F5BB8D7-686B-41AA-B068-799AD75B80DA}.Debug|Any CPU.ActiveCfg = Debug|Any CPU
		{6F5BB8D7-686B-41AA-B068-799AD75B80DA}.Debug|Any CPU.Build.0 = Debug|Any CPU
		{6F5BB8D7-686B-41AA-B068-799AD75B80DA}.Release|Any CPU.ActiveCfg = Release|Any CPU
		{6F5BB8D7-686B-41AA-B068-799AD75B80DA}.Release|Any CPU.Build.0 = Release|Any CPU
	EndGlobalSection
	GlobalSection(SolutionProperties) = preSolution
		HideSolutionNode = FALSE
	EndGlobalSection
	GlobalSection(ExtensibilityGlobals) = postSolution
		SolutionGuid = {2D57F271-2395-48B9-ABA4-1A823597A6F9}
	EndGlobalSection
EndGlobal
